
Microsoft Visual Studio Solution File, Format Version 12.00
# Visual Studio Version 17
VisualStudioVersion = 17.6.33829.357
MinimumVisualStudioVersion = 10.0.40219.1
Project("{FAE04EC0-301F-11D3-BF4B-00C04F79EFBC}") = "labfoy5", "labfoy5\labfoy5.csproj", "{555C89E5-5A1C-4880-8B0E-F7E534A0D8F9}"
EndProject
Global
	GlobalSection(SolutionConfigurationPlatforms) = preSolution
		Debug|Any CPU = Debug|Any CPU
		Release|Any CPU = Release|Any CPU
	EndGlobalSection
	GlobalSection(ProjectConfigurationPlatforms) = postSolution
		{555C89E5-5A1C-4880-8B0E-F7E534A0D8F9}.Debug|Any CPU.ActiveCfg = Debug|Any CPU
		{555C89E5-5A1C-4880-8B0E-F7E534A0D8F9}.Debug|Any CPU.Build.0 = Debug|Any CPU
		{555C89E5-5A1C-4880-8B0E-F7E534A0D8F9}.Release|Any CPU.ActiveCfg = Release|Any CPU
		{555C89E5-5A1C-4880-8B0E-F7E534A0D8F9}.Release|Any CPU.Build.0 = Release|Any CPU
	EndGlobalSection
	GlobalSection(SolutionProperties) = preSolution
		HideSolutionNode = FALSE
	EndGlobalSection
	GlobalSection(ExtensibilityGlobals) = postSolution
		SolutionGuid = {0AF28E84-79F9-4CD7-B79B-9490315954BB}
	EndGlobalSection
EndGlobal
